
Microsoft Visual Studio Solution File, Format Version 12.00
# Visual Studio 2013
VisualStudioVersion = 12.0.21005.1
MinimumVisualStudioVersion = 10.0.40219.1
Project("{FAE04EC0-301F-11D3-BF4B-00C04F79EFBC}") = "VehicleInspectionReminder.Web", "VehicleInspectionReminder.Web\VehicleInspectionReminder.Web.csproj", "{39CE74F9-8831-4F2F-B314-A6F644965246}"
EndProject
Project("{FAE04EC0-301F-11D3-BF4B-00C04F79EFBC}") = "VehicleInspectionReminder.Data", "VehicleInspectionReminder.Data\VehicleInspectionReminder.Data.csproj", "{F4C3DD84-879A-437D-93CF-12A43D14A276}"
EndProject
Project("{FAE04EC0-301F-11D3-BF4B-00C04F79EFBC}") = "VehicleInspectionReminder.Model", "VehicleInspectionReminder.Model\VehicleInspectionReminder.Model.csproj", "{0FB6068C-7806-4E8C-A0CE-D77006B93C43}"
EndProject
Project("{FAE04EC0-301F-11D3-BF4B-00C04F79EFBC}") = "VehicleInspectionReminder.Service", "VehicleInspectionReminder.Service\VehicleInspectionReminder.Service.csproj", "{1C58E445-B1A0-4F17-B645-7A65C436BC88}"
EndProject
Global
	GlobalSection(SolutionConfigurationPlatforms) = preSolution
		Debug|Any CPU = Debug|Any CPU
		Release|Any CPU = Release|Any CPU
	EndGlobalSection
	GlobalSection(ProjectConfigurationPlatforms) = postSolution
		{39CE74F9-8831-4F2F-B314-A6F644965246}.Debug|Any CPU.ActiveCfg = Debug|Any CPU
		{39CE74F9-8831-4F2F-B314-A6F644965246}.Debug|Any CPU.Build.0 = Debug|Any CPU
		{39CE74F9-8831-4F2F-B314-A6F644965246}.Release|Any CPU.ActiveCfg = Release|Any CPU
		{39CE74F9-8831-4F2F-B314-A6F644965246}.Release|Any CPU.Build.0 = Release|Any CPU
		{F4C3DD84-879A-437D-93CF-12A43D14A276}.Debug|Any CPU.ActiveCfg = Debug|Any CPU
		{F4C3DD84-879A-437D-93CF-12A43D14A276}.Debug|Any CPU.Build.0 = Debug|Any CPU
		{F4C3DD84-879A-437D-93CF-12A43D14A276}.Release|Any CPU.ActiveCfg = Release|Any CPU
		{F4C3DD84-879A-437D-93CF-12A43D14A276}.Release|Any CPU.Build.0 = Release|Any CPU
		{0FB6068C-7806-4E8C-A0CE-D77006B93C43}.Debug|Any CPU.ActiveCfg = Debug|Any CPU
		{0FB6068C-7806-4E8C-A0CE-D77006B93C43}.Debug|Any CPU.Build.0 = Debug|Any CPU
		{0FB6068C-7806-4E8C-A0CE-D77006B93C43}.Release|Any CPU.ActiveCfg = Release|Any CPU
		{0FB6068C-7806-4E8C-A0CE-D77006B93C43}.Release|Any CPU.Build.0 = Release|Any CPU
		{1C58E445-B1A0-4F17-B645-7A65C436BC88}.Debug|Any CPU.ActiveCfg = Debug|Any CPU
		{1C58E445-B1A0-4F17-B645-7A65C436BC88}.Debug|Any CPU.Build.0 = Debug|Any CPU
		{1C58E445-B1A0-4F17-B645-7A65C436BC88}.Release|Any CPU.ActiveCfg = Release|Any CPU
		{1C58E445-B1A0-4F17-B645-7A65C436BC88}.Release|Any CPU.Build.0 = Release|Any CPU
	EndGlobalSection
	GlobalSection(SolutionProperties) = preSolution
		HideSolutionNode = FALSE
	EndGlobalSection
EndGlobal
